
Microsoft Visual Studio Solution File, Format Version 12.00
# Visual Studio Version 17
VisualStudioVersion = 17.4.33403.182
MinimumVisualStudioVersion = 10.0.40219.1
Project("{9A19103F-16F7-4668-BE54-9A1E7A4F7556}") = "HomeTask_1_Hello_user", "HomeTask_1_Hello_user\HomeTask_1_Hello_user.csproj", "{418ED7E6-F294-4E5D-8F3E-74F8CA1B255B}"
EndProject
Project("{FAE04EC0-301F-11D3-BF4B-00C04F79EFBC}") = "HomeTask_5_Classes", "HomeTask_5_Classes\HomeTask_5_Classes.csproj", "{EDA94C12-468F-4F1D-A014-4A89EB4D9F90}"
EndProject
Project("{FAE04EC0-301F-11D3-BF4B-00C04F79EFBC}") = "HomeTasks_1_4", "HomeTasks_1_4\HomeTasks_1_4.csproj", "{2D37489C-40DE-4361-8E5B-C716AF7F0090}"
EndProject
Global
	GlobalSection(SolutionConfigurationPlatforms) = preSolution
		Debug|Any CPU = Debug|Any CPU
		Release|Any CPU = Release|Any CPU
	EndGlobalSection
	GlobalSection(ProjectConfigurationPlatforms) = postSolution
		{418ED7E6-F294-4E5D-8F3E-74F8CA1B255B}.Debug|Any CPU.ActiveCfg = Debug|Any CPU
		{418ED7E6-F294-4E5D-8F3E-74F8CA1B255B}.Debug|Any CPU.Build.0 = Debug|Any CPU
		{418ED7E6-F294-4E5D-8F3E-74F8CA1B255B}.Release|Any CPU.ActiveCfg = Release|Any CPU
		{418ED7E6-F294-4E5D-8F3E-74F8CA1B255B}.Release|Any CPU.Build.0 = Release|Any CPU
		{EDA94C12-468F-4F1D-A014-4A89EB4D9F90}.Debug|Any CPU.ActiveCfg = Debug|Any CPU
		{EDA94C12-468F-4F1D-A014-4A89EB4D9F90}.Debug|Any CPU.Build.0 = Debug|Any CPU
		{EDA94C12-468F-4F1D-A014-4A89EB4D9F90}.Release|Any CPU.ActiveCfg = Release|Any CPU
		{EDA94C12-468F-4F1D-A014-4A89EB4D9F90}.Release|Any CPU.Build.0 = Release|Any CPU
		{2D37489C-40DE-4361-8E5B-C716AF7F0090}.Debug|Any CPU.ActiveCfg = Debug|Any CPU
		{2D37489C-40DE-4361-8E5B-C716AF7F0090}.Debug|Any CPU.Build.0 = Debug|Any CPU
		{2D37489C-40DE-4361-8E5B-C716AF7F0090}.Release|Any CPU.ActiveCfg = Release|Any CPU
		{2D37489C-40DE-4361-8E5B-C716AF7F0090}.Release|Any CPU.Build.0 = Release|Any CPU
	EndGlobalSection
	GlobalSection(SolutionProperties) = preSolution
		HideSolutionNode = FALSE
	EndGlobalSection
	GlobalSection(ExtensibilityGlobals) = postSolution
		SolutionGuid = {1C04BF5A-74BA-4D48-8A0B-7D534440ABCD}
	EndGlobalSection
EndGlobal
